
Microsoft Visual Studio Solution File, Format Version 12.00
# Visual Studio Version 17
VisualStudioVersion = 17.9.34728.123
MinimumVisualStudioVersion = 10.0.40219.1
Project("{FAE04EC0-301F-11D3-BF4B-00C04F79EFBC}") = "BestWebsiteEver", "BestWebsiteEver\BestWebsiteEver.csproj", "{6769191D-006C-4840-A650-1EF1F80FBDDD}"
EndProject
Global
	GlobalSection(SolutionConfigurationPlatforms) = preSolution
		Debug|Any CPU = Debug|Any CPU
		Release|Any CPU = Release|Any CPU
	EndGlobalSection
	GlobalSection(ProjectConfigurationPlatforms) = postSolution
		{6769191D-006C-4840-A650-1EF1F80FBDDD}.Debug|Any CPU.ActiveCfg = Debug|Any CPU
		{6769191D-006C-4840-A650-1EF1F80FBDDD}.Debug|Any CPU.Build.0 = Debug|Any CPU
		{6769191D-006C-4840-A650-1EF1F80FBDDD}.Release|Any CPU.ActiveCfg = Release|Any CPU
		{6769191D-006C-4840-A650-1EF1F80FBDDD}.Release|Any CPU.Build.0 = Release|Any CPU
	EndGlobalSection
	GlobalSection(SolutionProperties) = preSolution
		HideSolutionNode = FALSE
	EndGlobalSection
	GlobalSection(ExtensibilityGlobals) = postSolution
		SolutionGuid = {7A14079D-13D3-439E-91B1-3B6D62FF6114}
	EndGlobalSection
EndGlobal
